
Microsoft Visual Studio Solution File, Format Version 12.00
# Visual Studio Version 17
VisualStudioVersion = 17.10.34916.146
MinimumVisualStudioVersion = 10.0.40219.1
Project("{FAE04EC0-301F-11D3-BF4B-00C04F79EFBC}") = "QuanNet", "QuanNet\QuanNet.csproj", "{04869E2F-EE97-4FA0-BDCE-D33A3CF1F92B}"
EndProject
Global
	GlobalSection(SolutionConfigurationPlatforms) = preSolution
		Debug|Any CPU = Debug|Any CPU
		Release|Any CPU = Release|Any CPU
	EndGlobalSection
	GlobalSection(ProjectConfigurationPlatforms) = postSolution
		{04869E2F-EE97-4FA0-BDCE-D33A3CF1F92B}.Debug|Any CPU.ActiveCfg = Debug|Any CPU
		{04869E2F-EE97-4FA0-BDCE-D33A3CF1F92B}.Debug|Any CPU.Build.0 = Debug|Any CPU
		{04869E2F-EE97-4FA0-BDCE-D33A3CF1F92B}.Release|Any CPU.ActiveCfg = Release|Any CPU
		{04869E2F-EE97-4FA0-BDCE-D33A3CF1F92B}.Release|Any CPU.Build.0 = Release|Any CPU
	EndGlobalSection
	GlobalSection(SolutionProperties) = preSolution
		HideSolutionNode = FALSE
	EndGlobalSection
	GlobalSection(ExtensibilityGlobals) = postSolution
		SolutionGuid = {F701D4C0-0BA0-4971-B3FD-08A20BD3ADC1}
	EndGlobalSection
EndGlobal
